// !$*UTF8*$!
{
	archiveVersion = 1;
	classes = {
	};
	objectVersion = 56;
	objects = {

/* Begin PBXBuildFile section */
		A3B153372C9B0F4C00DA2494 /* ViewController.swift in Sources */ = {isa = PBXBuildFile; fileRef = A3B153352C9B0F4C00DA2494 /* ViewController.swift */; };
		A3B153382C9B0F4C00DA2494 /* AppDelegate.swift in Sources */ = {isa = PBXBuildFile; fileRef = A3B153362C9B0F4C00DA2494 /* AppDelegate.swift */; };
		A3B1533E2C9B0F5300DA2494 /* LaunchScreen.storyboard in Resources */ = {isa = PBXBuildFile; fileRef = A3B1533A2C9B0F5300DA2494 /* LaunchScreen.storyboard */; };
		A3B1533F2C9B0F5300DA2494 /* Assets.xcassets in Resources */ = {isa = PBXBuildFile; fileRef = A3B1533B2C9B0F5300DA2494 /* Assets.xcassets */; };
		A3B153402C9B0F5300DA2494 /* Main.storyboard in Resources */ = {isa = PBXBuildFile; fileRef = A3B1533C2C9B0F5300DA2494 /* Main.storyboard */; };
		A3B153442C9B0FCE00DA2494 /* InfinitelyScrollableImageViewer.swift in Sources */ = {isa = PBXBuildFile; fileRef = A3B153432C9B0FCE00DA2494 /* InfinitelyScrollableImageViewer.swift */; };
		A3B153462C9B3AF900DA2494 /* InfinitelyScrollableImageViewerCell.swift in Sources */ = {isa = PBXBuildFile; fileRef = A3B153452C9B3AF900DA2494 /* InfinitelyScrollableImageViewerCell.swift */; };
		A3B153482C9B4ABB00DA2494 /* GridPosition.swift in Sources */ = {isa = PBXBuildFile; fileRef = A3B153472C9B4ABB00DA2494 /* GridPosition.swift */; };
/* End PBXBuildFile section */

/* Begin PBXFileReference section */
		A3B153352C9B0F4C00DA2494 /* ViewController.swift */ = {isa = PBXFileReference; fileEncoding = 4; lastKnownFileType = sourcecode.swift; path = ViewController.swift; sourceTree = "<group>"; };
		A3B153362C9B0F4C00DA2494 /* AppDelegate.swift */ = {isa = PBXFileReference; fileEncoding = 4; lastKnownFileType = sourcecode.swift; path = AppDelegate.swift; sourceTree = "<group>"; };
		A3B1533A2C9B0F5300DA2494 /* LaunchScreen.storyboard */ = {isa = PBXFileReference; fileEncoding = 4; lastKnownFileType = file.storyboard; path = LaunchScreen.storyboard; sourceTree = "<group>"; };
		A3B1533B2C9B0F5300DA2494 /* Assets.xcassets */ = {isa = PBXFileReference; lastKnownFileType = folder.assetcatalog; path = Assets.xcassets; sourceTree = "<group>"; };
		A3B1533C2C9B0F5300DA2494 /* Main.storyboard */ = {isa = PBXFileReference; fileEncoding = 4; lastKnownFileType = file.storyboard; path = Main.storyboard; sourceTree = "<group>"; };
		A3B1533D2C9B0F5300DA2494 /* Info.plist */ = {isa = PBXFileReference; fileEncoding = 4; lastKnownFileType = text.plist.xml; path = Info.plist; sourceTree = "<group>"; };
		A3B153432C9B0FCE00DA2494 /* InfinitelyScrollableImageViewer.swift */ = {isa = PBXFileReference; lastKnownFileType = sourcecode.swift; path = InfinitelyScrollableImageViewer.swift; sourceTree = "<group>"; };
		A3B153452C9B3AF900DA2494 /* InfinitelyScrollableImageViewerCell.swift */ = {isa = PBXFileReference; lastKnownFileType = sourcecode.swift; path = InfinitelyScrollableImageViewerCell.swift; sourceTree = "<group>"; };
		A3B153472C9B4ABB00DA2494 /* GridPosition.swift */ = {isa = PBXFileReference; lastKnownFileType = sourcecode.swift; path = GridPosition.swift; sourceTree = "<group>"; };
		A3E3FBF82C9B0D5B00314E5C /* InfinitelyScrollableImageViewer.app */ = {isa = PBXFileReference; explicitFileType = wrapper.application; includeInIndex = 0; path = InfinitelyScrollableImageViewer.app; sourceTree = BUILT_PRODUCTS_DIR; };
/* End PBXFileReference section */

/* Begin PBXFrameworksBuildPhase section */
		A3E3FBF52C9B0D5B00314E5C /* Frameworks */ = {
			isa = PBXFrameworksBuildPhase;
			buildActionMask = 2147483647;
			files = (
			);
			runOnlyForDeploymentPostprocessing = 0;
		};
/* End PBXFrameworksBuildPhase section */

/* Begin PBXGroup section */
		A3B153342C9B0F4C00DA2494 /* Internal */ = {
			isa = PBXGroup;
			children = (
				A3B153352C9B0F4C00DA2494 /* ViewController.swift */,
				A3B153362C9B0F4C00DA2494 /* AppDelegate.swift */,
			);
			path = Internal;
			sourceTree = "<group>";
		};
		A3B153392C9B0F5300DA2494 /* Resources */ = {
			isa = PBXGroup;
			children = (
				A3B1533A2C9B0F5300DA2494 /* LaunchScreen.storyboard */,
				A3B1533B2C9B0F5300DA2494 /* Assets.xcassets */,
				A3B1533C2C9B0F5300DA2494 /* Main.storyboard */,
				A3B1533D2C9B0F5300DA2494 /* Info.plist */,
			);
			path = Resources;
			sourceTree = "<group>";
		};
		A3B153422C9B0FBD00DA2494 /* InfinitelyScrollableImageViewer */ = {
			isa = PBXGroup;
			children = (
				A3B153432C9B0FCE00DA2494 /* InfinitelyScrollableImageViewer.swift */,
				A3B153452C9B3AF900DA2494 /* InfinitelyScrollableImageViewerCell.swift */,
				A3B153472C9B4ABB00DA2494 /* GridPosition.swift */,
			);
			path = InfinitelyScrollableImageViewer;
			sourceTree = "<group>";
		};
		A3E3FBEF2C9B0D5B00314E5C = {
			isa = PBXGroup;
			children = (
				A3B153342C9B0F4C00DA2494 /* Internal */,
				A3B153422C9B0FBD00DA2494 /* InfinitelyScrollableImageViewer */,
				A3B153392C9B0F5300DA2494 /* Resources */,
				A3E3FBF92C9B0D5B00314E5C /* Products */,
			);
			sourceTree = "<group>";
		};
		A3E3FBF92C9B0D5B00314E5C /* Products */ = {
			isa = PBXGroup;
			children = (
				A3E3FBF82C9B0D5B00314E5C /* InfinitelyScrollableImageViewer.app */,
			);
			name = Products;
			sourceTree = "<group>";
		};
/* End PBXGroup section */

/* Begin PBXNativeTarget section */
		A3E3FBF72C9B0D5B00314E5C /* InfinitelyScrollableImageViewer */ = {
			isa = PBXNativeTarget;
			buildConfigurationList = A3E3FC0C2C9B0D5E00314E5C /* Build configuration list for PBXNativeTarget "InfinitelyScrollableImageViewer" */;
			buildPhases = (
				A3E3FBF42C9B0D5B00314E5C /* Sources */,
				A3E3FBF52C9B0D5B00314E5C /* Frameworks */,
				A3E3FBF62C9B0D5B00314E5C /* Resources */,
			);
			buildRules = (
			);
			dependencies = (
			);
			name = InfinitelyScrollableImageViewer;
			productName = InfinitelyScrollableImageViewer;
			productReference = A3E3FBF82C9B0D5B00314E5C /* InfinitelyScrollableImageViewer.app */;
			productType = "com.apple.product-type.application";
		};
/* End PBXNativeTarget section */

/* Begin PBXProject section */
		A3E3FBF02C9B0D5B00314E5C /* Project object */ = {
			isa = PBXProject;
			attributes = {
				BuildIndependentTargetsInParallel = 1;
				LastSwiftUpdateCheck = 1430;
				LastUpgradeCheck = 1430;
				TargetAttributes = {
					A3E3FBF72C9B0D5B00314E5C = {
						CreatedOnToolsVersion = 14.3.1;
					};
				};
			};
			buildConfigurationList = A3E3FBF32C9B0D5B00314E5C /* Build configuration list for PBXProject "InfinitelyScrollableImageViewer" */;
			compatibilityVersion = "Xcode 14.0";
			developmentRegion = en;
			hasScannedForEncodings = 0;
			knownRegions = (
				en,
				Base,
			);
			mainGroup = A3E3FBEF2C9B0D5B00314E5C;
			productRefGroup = A3E3FBF92C9B0D5B00314E5C /* Products */;
			projectDirPath = "";
			projectRoot = "";
			targets = (
				A3E3FBF72C9B0D5B00314E5C /* InfinitelyScrollableImageViewer */,
			);
		};
/* End PBXProject section */

/* Begin PBXResourcesBuildPhase section */
		A3E3FBF62C9B0D5B00314E5C /* Resources */ = {
			isa = PBXResourcesBuildPhase;
			buildActionMask = 2147483647;
			files = (
				A3B153402C9B0F5300DA2494 /* Main.storyboard in Resources */,
				A3B1533F2C9B0F5300DA2494 /* Assets.xcassets in Resources */,
				A3B1533E2C9B0F5300DA2494 /* LaunchScreen.storyboard in Resources */,
			);
			runOnlyForDeploymentPostprocessing = 0;
		};
/* End PBXResourcesBuildPhase section */

/* Begin PBXSourcesBuildPhase section */
		A3E3FBF42C9B0D5B00314E5C /* Sources */ = {
			isa = PBXSourcesBuildPhase;
			buildActionMask = 2147483647;
			files = (
				A3B153382C9B0F4C00DA2494 /* AppDelegate.swift in Sources */,
				A3B153442C9B0FCE00DA2494 /* InfinitelyScrollableImageViewer.swift in Sources */,
				A3B153482C9B4ABB00DA2494 /* GridPosition.swift in Sources */,
				A3B153372C9B0F4C00DA2494 /* ViewController.swift in Sources */,
				A3B153462C9B3AF900DA2494 /* InfinitelyScrollableImageViewerCell.swift in Sources */,
			);
			runOnlyForDeploymentPostprocessing = 0;
		};
/* End PBXSourcesBuildPhase section */

/* Begin XCBuildConfiguration section */
		A3E3FC0A2C9B0D5E00314E5C /* Debug */ = {
			isa = XCBuildConfiguration;
			buildSettings = {
				ALWAYS_SEARCH_USER_PATHS = NO;
				CLANG_ANALYZER_NONNULL = YES;
				CLANG_ANALYZER_NUMBER_OBJECT_CONVERSION = YES_AGGRESSIVE;
				CLANG_CXX_LANGUAGE_STANDARD = "gnu++20";
				CLANG_ENABLE_MODULES = YES;
				CLANG_ENABLE_OBJC_ARC = YES;
				CLANG_ENABLE_OBJC_WEAK = YES;
				CLANG_WARN_BLOCK_CAPTURE_AUTORELEASING = YES;
				CLANG_WARN_BOOL_CONVERSION = YES;
				CLANG_WARN_COMMA = YES;
				CLANG_WARN_CONSTANT_CONVERSION = YES;
				CLANG_WARN_DEPRECATED_OBJC_IMPLEMENTATIONS = YES;
				CLANG_WARN_DIRECT_OBJC_ISA_USAGE = YES_ERROR;
				CLANG_WARN_DOCUMENTATION_COMMENTS = YES;
				CLANG_WARN_EMPTY_BODY = YES;
				CLANG_WARN_ENUM_CONVERSION = YES;
				CLANG_WARN_INFINITE_RECURSION = YES;
				CLANG_WARN_INT_CONVERSION = YES;
				CLANG_WARN_NON_LITERAL_NULL_CONVERSION = YES;
				CLANG_WARN_OBJC_IMPLICIT_RETAIN_SELF = YES;
				CLANG_WARN_OBJC_LITERAL_CONVERSION = YES;
				CLANG_WARN_OBJC_ROOT_CLASS = YES_ERROR;
				CLANG_WARN_QUOTED_INCLUDE_IN_FRAMEWORK_HEADER = YES;
				CLANG_WARN_RANGE_LOOP_ANALYSIS = YES;
				CLANG_WARN_STRICT_PROTOTYPES = YES;
				CLANG_WARN_SUSPICIOUS_MOVE = YES;
				CLANG_WARN_UNGUARDED_AVAILABILITY = YES_AGGRESSIVE;
				CLANG_WARN_UNREACHABLE_CODE = YES;
				CLANG_WARN__DUPLICATE_METHOD_MATCH = YES;
				COPY_PHASE_STRIP = NO;
				DEBUG_INFORMATION_FORMAT = dwarf;
				ENABLE_STRICT_OBJC_MSGSEND = YES;
				ENABLE_TESTABILITY = YES;
				GCC_C_LANGUAGE_STANDARD = gnu11;
				GCC_DYNAMIC_NO_PIC = NO;
				GCC_NO_COMMON_BLOCKS = YES;
				GCC_OPTIMIZATION_LEVEL = 0;
				GCC_PREPROCESSOR_DEFINITIONS = (
					"DEBUG=1",
					"$(inherited)",
				);
				GCC_WARN_64_TO_32_BIT_CONVERSION = YES;
				GCC_WARN_ABOUT_RETURN_TYPE = YES_ERROR;
				GCC_WARN_UNDECLARED_SELECTOR = YES;
				GCC_WARN_UNINITIALIZED_AUTOS = YES_AGGRESSIVE;
				GCC_WARN_UNUSED_FUNCTION = YES;
				GCC_WARN_UNUSED_VARIABLE = YES;
				IPHONEOS_DEPLOYMENT_TARGET = 16.4;
				MTL_ENABLE_DEBUG_INFO = INCLUDE_SOURCE;
				MTL_FAST_MATH = YES;
				ONLY_ACTIVE_ARCH = YES;
				SDKROOT = iphoneos;
				SWIFT_ACTIVE_COMPILATION_CONDITIONS = DEBUG;
				SWIFT_OPTIMIZATION_LEVEL = "-Onone";
			};
			name = Debug;
		};
		A3E3FC0B2C9B0D5E00314E5C /* Release */ = {
			isa = XCBuildConfiguration;
			buildSettings = {
				ALWAYS_SEARCH_USER_PATHS = NO;
				CLANG_ANALYZER_NONNULL = YES;
				CLANG_ANALYZER_NUMBER_OBJECT_CONVERSION = YES_AGGRESSIVE;
				CLANG_CXX_LANGUAGE_STANDARD = "gnu++20";
				CLANG_ENABLE_MODULES = YES;
				CLANG_ENABLE_OBJC_ARC = YES;
				CLANG_ENABLE_OBJC_WEAK = YES;
				CLANG_WARN_BLOCK_CAPTURE_AUTORELEASING = YES;
				CLANG_WARN_BOOL_CONVERSION = YES;
				CLANG_WARN_COMMA = YES;
				CLANG_WARN_CONSTANT_CONVERSION = YES;
				CLANG_WARN_DEPRECATED_OBJC_IMPLEMENTATIONS = YES;
				CLANG_WARN_DIRECT_OBJC_ISA_USAGE = YES_ERROR;
				CLANG_WARN_DOCUMENTATION_COMMENTS = YES;
				CLANG_WARN_EMPTY_BODY = YES;
				CLANG_WARN_ENUM_CONVERSION = YES;
				CLANG_WARN_INFINITE_RECURSION = YES;
				CLANG_WARN_INT_CONVERSION = YES;
				CLANG_WARN_NON_LITERAL_NULL_CONVERSION = YES;
				CLANG_WARN_OBJC_IMPLICIT_RETAIN_SELF = YES;
				CLANG_WARN_OBJC_LITERAL_CONVERSION = YES;
				CLANG_WARN_OBJC_ROOT_CLASS = YES_ERROR;
				CLANG_WARN_QUOTED_INCLUDE_IN_FRAMEWORK_HEADER = YES;
				CLANG_WARN_RANGE_LOOP_ANALYSIS = YES;
				CLANG_WARN_STRICT_PROTOTYPES = YES;
				CLANG_WARN_SUSPICIOUS_MOVE = YES;
				CLANG_WARN_UNGUARDED_AVAILABILITY = YES_AGGRESSIVE;
				CLANG_WARN_UNREACHABLE_CODE = YES;
				CLANG_WARN__DUPLICATE_METHOD_MATCH = YES;
				COPY_PHASE_STRIP = NO;
				DEBUG_INFORMATION_FORMAT = "dwarf-with-dsym";
				ENABLE_NS_ASSERTIONS = NO;
				ENABLE_STRICT_OBJC_MSGSEND = YES;
				GCC_C_LANGUAGE_STANDARD = gnu11;
				GCC_NO_COMMON_BLOCKS = YES;
				GCC_WARN_64_TO_32_BIT_CONVERSION = YES;
				GCC_WARN_ABOUT_RETURN_TYPE = YES_ERROR;
				GCC_WARN_UNDECLARED_SELECTOR = YES;
				GCC_WARN_UNINITIALIZED_AUTOS = YES_AGGRESSIVE;
				GCC_WARN_UNUSED_FUNCTION = YES;
				GCC_WARN_UNUSED_VARIABLE = YES;
				IPHONEOS_DEPLOYMENT_TARGET = 16.4;
				MTL_ENABLE_DEBUG_INFO = NO;
				MTL_FAST_MATH = YES;
				SDKROOT = iphoneos;
				SWIFT_COMPILATION_MODE = wholemodule;
				SWIFT_OPTIMIZATION_LEVEL = "-O";
				VALIDATE_PRODUCT = YES;
			};
			name = Release;
		};
		A3E3FC0D2C9B0D5E00314E5C /* Debug */ = {
			isa = XCBuildConfiguration;
			buildSettings = {
				ASSETCATALOG_COMPILER_APPICON_NAME = AppIcon;
				ASSETCATALOG_COMPILER_GLOBAL_ACCENT_COLOR_NAME = AccentColor;
				CODE_SIGN_STYLE = Automatic;
				CURRENT_PROJECT_VERSION = 1;
				GENERATE_INFOPLIST_FILE = YES;
				INFOPLIST_FILE = Resources/Info.plist;
				INFOPLIST_KEY_UIApplicationSupportsIndirectInputEvents = YES;
				INFOPLIST_KEY_UILaunchStoryboardName = LaunchScreen;
				INFOPLIST_KEY_UIMainStoryboardFile = Main;
				INFOPLIST_KEY_UISupportedInterfaceOrientations_iPad = "UIInterfaceOrientationPortrait UIInterfaceOrientationPortraitUpsideDown UIInterfaceOrientationLandscapeLeft UIInterfaceOrientationLandscapeRight";
				INFOPLIST_KEY_UISupportedInterfaceOrientations_iPhone = "UIInterfaceOrientationPortrait UIInterfaceOrientationLandscapeLeft UIInterfaceOrientationLandscapeRight";
				LD_RUNPATH_SEARCH_PATHS = (
					"$(inherited)",
					"@executable_path/Frameworks",
				);
				MARKETING_VERSION = 1.0;
				PRODUCT_BUNDLE_IDENTIFIER = me.thorny.InfinitelyScrollableImageViewer;
				PRODUCT_NAME = "$(TARGET_NAME)";
				SWIFT_EMIT_LOC_STRINGS = YES;
				SWIFT_VERSION = 5.0;
				TARGETED_DEVICE_FAMILY = "1,2";
			};
			name = Debug;
		};
		A3E3FC0E2C9B0D5E00314E5C /* Release */ = {
			isa = XCBuildConfiguration;
			buildSettings = {
				ASSETCATALOG_COMPILER_APPICON_NAME = AppIcon;
				ASSETCATALOG_COMPILER_GLOBAL_ACCENT_COLOR_NAME = AccentColor;
				CODE_SIGN_STYLE = Automatic;
				CURRENT_PROJECT_VERSION = 1;
				GENERATE_INFOPLIST_FILE = YES;
				INFOPLIST_FILE = Resources/Info.plist;
				INFOPLIST_KEY_UIApplicationSupportsIndirectInputEvents = YES;
				INFOPLIST_KEY_UILaunchStoryboardName = LaunchScreen;
				INFOPLIST_KEY_UIMainStoryboardFile = Main;
				INFOPLIST_KEY_UISupportedInterfaceOrientations_iPad = "UIInterfaceOrientationPortrait UIInterfaceOrientationPortraitUpsideDown UIInterfaceOrientationLandscapeLeft UIInterfaceOrientationLandscapeRight";
				INFOPLIST_KEY_UISupportedInterfaceOrientations_iPhone = "UIInterfaceOrientationPortrait UIInterfaceOrientationLandscapeLeft UIInterfaceOrientationLandscapeRight";
				LD_RUNPATH_SEARCH_PATHS = (
					"$(inherited)",
					"@executable_path/Frameworks",
				);
				MARKETING_VERSION = 1.0;
				PRODUCT_BUNDLE_IDENTIFIER = me.thorny.InfinitelyScrollableImageViewer;
				PRODUCT_NAME = "$(TARGET_NAME)";
				SWIFT_EMIT_LOC_STRINGS = YES;
				SWIFT_VERSION = 5.0;
				TARGETED_DEVICE_FAMILY = "1,2";
			};
			name = Release;
		};
/* End XCBuildConfiguration section */

/* Begin XCConfigurationList section */
		A3E3FBF32C9B0D5B00314E5C /* Build configuration list for PBXProject "InfinitelyScrollableImageViewer" */ = {
			isa = XCConfigurationList;
			buildConfigurations = (
				A3E3FC0A2C9B0D5E00314E5C /* Debug */,
				A3E3FC0B2C9B0D5E00314E5C /* Release */,
			);
			defaultConfigurationIsVisible = 0;
			defaultConfigurationName = Release;
		};
		A3E3FC0C2C9B0D5E00314E5C /* Build configuration list for PBXNativeTarget "InfinitelyScrollableImageViewer" */ = {
			isa = XCConfigurationList;
			buildConfigurations = (
				A3E3FC0D2C9B0D5E00314E5C /* Debug */,
				A3E3FC0E2C9B0D5E00314E5C /* Release */,
			);
			defaultConfigurationIsVisible = 0;
			defaultConfigurationName = Release;
		};
/* End XCConfigurationList section */
	};
	rootObject = A3E3FBF02C9B0D5B00314E5C /* Project object */;
}
